
Microsoft Visual Studio Solution File, Format Version 12.00
# Visual Studio 14
VisualStudioVersion = 14.0.25123.0
MinimumVisualStudioVersion = 10.0.40219.1
Project("{FAE04EC0-301F-11D3-BF4B-00C04F79EFBC}") = "eCommerce", "eCommerce\eCommerce.csproj", "{B2F5A116-A031-4729-BF8D-B1703D8518B3}"
EndProject
Global
	GlobalSection(SolutionConfigurationPlatforms) = preSolution
		Debug|Any CPU = Debug|Any CPU
		Release|Any CPU = Release|Any CPU
	EndGlobalSection
	GlobalSection(ProjectConfigurationPlatforms) = postSolution
		{B2F5A116-A031-4729-BF8D-B1703D8518B3}.Debug|Any CPU.ActiveCfg = Debug|Any CPU
		{B2F5A116-A031-4729-BF8D-B1703D8518B3}.Debug|Any CPU.Build.0 = Debug|Any CPU
		{B2F5A116-A031-4729-BF8D-B1703D8518B3}.Release|Any CPU.ActiveCfg = Release|Any CPU
		{B2F5A116-A031-4729-BF8D-B1703D8518B3}.Release|Any CPU.Build.0 = Release|Any CPU
	EndGlobalSection
	GlobalSection(SolutionProperties) = preSolution
		HideSolutionNode = FALSE
	EndGlobalSection
EndGlobal
